// !$*UTF8*$!
{
	archiveVersion = 1;
	classes = {
	};
	objectVersion = 56;
	objects = {

/* Begin PBXBuildFile section */
		885F806D2BB2AB39002215D2 /* AppDelegate.swift in Sources */ = {isa = PBXBuildFile; fileRef = 885F806C2BB2AB39002215D2 /* AppDelegate.swift */; };
		885F806F2BB2AB39002215D2 /* SceneDelegate.swift in Sources */ = {isa = PBXBuildFile; fileRef = 885F806E2BB2AB39002215D2 /* SceneDelegate.swift */; };
		885F80762BB2AB3B002215D2 /* Assets.xcassets in Resources */ = {isa = PBXBuildFile; fileRef = 885F80752BB2AB3B002215D2 /* Assets.xcassets */; };
		885F80792BB2AB3B002215D2 /* LaunchScreen.storyboard in Resources */ = {isa = PBXBuildFile; fileRef = 885F80772BB2AB3B002215D2 /* LaunchScreen.storyboard */; };
		885F80832BB2AB9D002215D2 /* json-to-swiftui-renderer in Frameworks */ = {isa = PBXBuildFile; productRef = 885F80822BB2AB9D002215D2 /* json-to-swiftui-renderer */; };
		885F80892BB2ACF3002215D2 /* RouteListViewController.swift in Sources */ = {isa = PBXBuildFile; fileRef = 885F80852BB2ACF3002215D2 /* RouteListViewController.swift */; };
		885F808A2BB2ACF3002215D2 /* Test01ViewController.swift in Sources */ = {isa = PBXBuildFile; fileRef = 885F80862BB2ACF3002215D2 /* Test01ViewController.swift */; };
		885F808B2BB2ACF3002215D2 /* Route.swift in Sources */ = {isa = PBXBuildFile; fileRef = 885F80872BB2ACF3002215D2 /* Route.swift */; };
		885F808C2BB2ACF3002215D2 /* RouteManager.swift in Sources */ = {isa = PBXBuildFile; fileRef = 885F80882BB2ACF3002215D2 /* RouteManager.swift */; };
/* End PBXBuildFile section */

/* Begin PBXFileReference section */
		885F80692BB2AB39002215D2 /* json-to-swiftui-renderer-example.app */ = {isa = PBXFileReference; explicitFileType = wrapper.application; includeInIndex = 0; path = "json-to-swiftui-renderer-example.app"; sourceTree = BUILT_PRODUCTS_DIR; };
		885F806C2BB2AB39002215D2 /* AppDelegate.swift */ = {isa = PBXFileReference; lastKnownFileType = sourcecode.swift; path = AppDelegate.swift; sourceTree = "<group>"; };
		885F806E2BB2AB39002215D2 /* SceneDelegate.swift */ = {isa = PBXFileReference; lastKnownFileType = sourcecode.swift; path = SceneDelegate.swift; sourceTree = "<group>"; };
		885F80752BB2AB3B002215D2 /* Assets.xcassets */ = {isa = PBXFileReference; lastKnownFileType = folder.assetcatalog; path = Assets.xcassets; sourceTree = "<group>"; };
		885F80782BB2AB3B002215D2 /* Base */ = {isa = PBXFileReference; lastKnownFileType = file.storyboard; name = Base; path = Base.lproj/LaunchScreen.storyboard; sourceTree = "<group>"; };
		885F807A2BB2AB3B002215D2 /* Info.plist */ = {isa = PBXFileReference; lastKnownFileType = text.plist.xml; path = Info.plist; sourceTree = "<group>"; };
		885F80802BB2AB91002215D2 /* json-to-swiftui-renderer */ = {isa = PBXFileReference; lastKnownFileType = wrapper; name = "json-to-swiftui-renderer"; path = ..; sourceTree = "<group>"; };
		885F80852BB2ACF3002215D2 /* RouteListViewController.swift */ = {isa = PBXFileReference; fileEncoding = 4; lastKnownFileType = sourcecode.swift; path = RouteListViewController.swift; sourceTree = "<group>"; };
		885F80862BB2ACF3002215D2 /* Test01ViewController.swift */ = {isa = PBXFileReference; fileEncoding = 4; lastKnownFileType = sourcecode.swift; path = Test01ViewController.swift; sourceTree = "<group>"; };
		885F80872BB2ACF3002215D2 /* Route.swift */ = {isa = PBXFileReference; fileEncoding = 4; lastKnownFileType = sourcecode.swift; path = Route.swift; sourceTree = "<group>"; };
		885F80882BB2ACF3002215D2 /* RouteManager.swift */ = {isa = PBXFileReference; fileEncoding = 4; lastKnownFileType = sourcecode.swift; path = RouteManager.swift; sourceTree = "<group>"; };
/* End PBXFileReference section */

/* Begin PBXFrameworksBuildPhase section */
		885F80662BB2AB39002215D2 /* Frameworks */ = {
			isa = PBXFrameworksBuildPhase;
			buildActionMask = 2147483647;
			files = (
				885F80832BB2AB9D002215D2 /* json-to-swiftui-renderer in Frameworks */,
			);
			runOnlyForDeploymentPostprocessing = 0;
		};
/* End PBXFrameworksBuildPhase section */

/* Begin PBXGroup section */
		885F80602BB2AB39002215D2 = {
			isa = PBXGroup;
			children = (
				885F80802BB2AB91002215D2 /* json-to-swiftui-renderer */,
				885F80842BB2ACF3002215D2 /* Examples */,
				885F806B2BB2AB39002215D2 /* json-to-swiftui-renderer-example */,
				885F806A2BB2AB39002215D2 /* Products */,
				885F80812BB2AB9D002215D2 /* Frameworks */,
			);
			sourceTree = "<group>";
		};
		885F806A2BB2AB39002215D2 /* Products */ = {
			isa = PBXGroup;
			children = (
				885F80692BB2AB39002215D2 /* json-to-swiftui-renderer-example.app */,
			);
			name = Products;
			sourceTree = "<group>";
		};
		885F806B2BB2AB39002215D2 /* json-to-swiftui-renderer-example */ = {
			isa = PBXGroup;
			children = (
				885F806C2BB2AB39002215D2 /* AppDelegate.swift */,
				885F806E2BB2AB39002215D2 /* SceneDelegate.swift */,
				885F80752BB2AB3B002215D2 /* Assets.xcassets */,
				885F80772BB2AB3B002215D2 /* LaunchScreen.storyboard */,
				885F807A2BB2AB3B002215D2 /* Info.plist */,
			);
			path = "json-to-swiftui-renderer-example";
			sourceTree = "<group>";
		};
		885F80812BB2AB9D002215D2 /* Frameworks */ = {
			isa = PBXGroup;
			children = (
			);
			name = Frameworks;
			sourceTree = "<group>";
		};
		885F80842BB2ACF3002215D2 /* Examples */ = {
			isa = PBXGroup;
			children = (
				885F80852BB2ACF3002215D2 /* RouteListViewController.swift */,
				885F80862BB2ACF3002215D2 /* Test01ViewController.swift */,
				885F80872BB2ACF3002215D2 /* Route.swift */,
				885F80882BB2ACF3002215D2 /* RouteManager.swift */,
			);
			path = Examples;
			sourceTree = "<group>";
		};
/* End PBXGroup section */

/* Begin PBXNativeTarget section */
		885F80682BB2AB39002215D2 /* json-to-swiftui-renderer-example */ = {
			isa = PBXNativeTarget;
			buildConfigurationList = 885F807D2BB2AB3B002215D2 /* Build configuration list for PBXNativeTarget "json-to-swiftui-renderer-example" */;
			buildPhases = (
				885F80652BB2AB39002215D2 /* Sources */,
				885F80662BB2AB39002215D2 /* Frameworks */,
				885F80672BB2AB39002215D2 /* Resources */,
			);
			buildRules = (
			);
			dependencies = (
			);
			name = "json-to-swiftui-renderer-example";
			packageProductDependencies = (
				885F80822BB2AB9D002215D2 /* json-to-swiftui-renderer */,
			);
			productName = "json-to-swiftui-renderer-example";
			productReference = 885F80692BB2AB39002215D2 /* json-to-swiftui-renderer-example.app */;
			productType = "com.apple.product-type.application";
		};
/* End PBXNativeTarget section */

/* Begin PBXProject section */
		885F80612BB2AB39002215D2 /* Project object */ = {
			isa = PBXProject;
			attributes = {
				BuildIndependentTargetsInParallel = 1;
				LastSwiftUpdateCheck = 1500;
				LastUpgradeCheck = 1500;
				TargetAttributes = {
					885F80682BB2AB39002215D2 = {
						CreatedOnToolsVersion = 15.0;
					};
				};
			};
			buildConfigurationList = 885F80642BB2AB39002215D2 /* Build configuration list for PBXProject "json-to-swiftui-renderer-example" */;
			compatibilityVersion = "Xcode 14.0";
			developmentRegion = en;
			hasScannedForEncodings = 0;
			knownRegions = (
				en,
				Base,
			);
			mainGroup = 885F80602BB2AB39002215D2;
			productRefGroup = 885F806A2BB2AB39002215D2 /* Products */;
			projectDirPath = "";
			projectRoot = "";
			targets = (
				885F80682BB2AB39002215D2 /* json-to-swiftui-renderer-example */,
			);
		};
/* End PBXProject section */

/* Begin PBXResourcesBuildPhase section */
		885F80672BB2AB39002215D2 /* Resources */ = {
			isa = PBXResourcesBuildPhase;
			buildActionMask = 2147483647;
			files = (
				885F80792BB2AB3B002215D2 /* LaunchScreen.storyboard in Resources */,
				885F80762BB2AB3B002215D2 /* Assets.xcassets in Resources */,
			);
			runOnlyForDeploymentPostprocessing = 0;
		};
/* End PBXResourcesBuildPhase section */

/* Begin PBXSourcesBuildPhase section */
		885F80652BB2AB39002215D2 /* Sources */ = {
			isa = PBXSourcesBuildPhase;
			buildActionMask = 2147483647;
			files = (
				885F808A2BB2ACF3002215D2 /* Test01ViewController.swift in Sources */,
				885F806D2BB2AB39002215D2 /* AppDelegate.swift in Sources */,
				885F808B2BB2ACF3002215D2 /* Route.swift in Sources */,
				885F80892BB2ACF3002215D2 /* RouteListViewController.swift in Sources */,
				885F808C2BB2ACF3002215D2 /* RouteManager.swift in Sources */,
				885F806F2BB2AB39002215D2 /* SceneDelegate.swift in Sources */,
			);
			runOnlyForDeploymentPostprocessing = 0;
		};
/* End PBXSourcesBuildPhase section */

/* Begin PBXVariantGroup section */
		885F80772BB2AB3B002215D2 /* LaunchScreen.storyboard */ = {
			isa = PBXVariantGroup;
			children = (
				885F80782BB2AB3B002215D2 /* Base */,
			);
			name = LaunchScreen.storyboard;
			sourceTree = "<group>";
		};
/* End PBXVariantGroup section */

/* Begin XCBuildConfiguration section */
		885F807B2BB2AB3B002215D2 /* Debug */ = {
			isa = XCBuildConfiguration;
			buildSettings = {
				ALWAYS_SEARCH_USER_PATHS = NO;
				ASSETCATALOG_COMPILER_GENERATE_SWIFT_ASSET_SYMBOL_EXTENSIONS = YES;
				CLANG_ANALYZER_NONNULL = YES;
				CLANG_ANALYZER_NUMBER_OBJECT_CONVERSION = YES_AGGRESSIVE;
				CLANG_CXX_LANGUAGE_STANDARD = "gnu++20";
				CLANG_ENABLE_MODULES = YES;
				CLANG_ENABLE_OBJC_ARC = YES;
				CLANG_ENABLE_OBJC_WEAK = YES;
				CLANG_WARN_BLOCK_CAPTURE_AUTORELEASING = YES;
				CLANG_WARN_BOOL_CONVERSION = YES;
				CLANG_WARN_COMMA = YES;
				CLANG_WARN_CONSTANT_CONVERSION = YES;
				CLANG_WARN_DEPRECATED_OBJC_IMPLEMENTATIONS = YES;
				CLANG_WARN_DIRECT_OBJC_ISA_USAGE = YES_ERROR;
				CLANG_WARN_DOCUMENTATION_COMMENTS = YES;
				CLANG_WARN_EMPTY_BODY = YES;
				CLANG_WARN_ENUM_CONVERSION = YES;
				CLANG_WARN_INFINITE_RECURSION = YES;
				CLANG_WARN_INT_CONVERSION = YES;
				CLANG_WARN_NON_LITERAL_NULL_CONVERSION = YES;
				CLANG_WARN_OBJC_IMPLICIT_RETAIN_SELF = YES;
				CLANG_WARN_OBJC_LITERAL_CONVERSION = YES;
				CLANG_WARN_OBJC_ROOT_CLASS = YES_ERROR;
				CLANG_WARN_QUOTED_INCLUDE_IN_FRAMEWORK_HEADER = YES;
				CLANG_WARN_RANGE_LOOP_ANALYSIS = YES;
				CLANG_WARN_STRICT_PROTOTYPES = YES;
				CLANG_WARN_SUSPICIOUS_MOVE = YES;
				CLANG_WARN_UNGUARDED_AVAILABILITY = YES_AGGRESSIVE;
				CLANG_WARN_UNREACHABLE_CODE = YES;
				CLANG_WARN__DUPLICATE_METHOD_MATCH = YES;
				COPY_PHASE_STRIP = NO;
				DEBUG_INFORMATION_FORMAT = dwarf;
				ENABLE_STRICT_OBJC_MSGSEND = YES;
				ENABLE_TESTABILITY = YES;
				ENABLE_USER_SCRIPT_SANDBOXING = YES;
				GCC_C_LANGUAGE_STANDARD = gnu17;
				GCC_DYNAMIC_NO_PIC = NO;
				GCC_NO_COMMON_BLOCKS = YES;
				GCC_OPTIMIZATION_LEVEL = 0;
				GCC_PREPROCESSOR_DEFINITIONS = (
					"DEBUG=1",
					"$(inherited)",
				);
				GCC_WARN_64_TO_32_BIT_CONVERSION = YES;
				GCC_WARN_ABOUT_RETURN_TYPE = YES_ERROR;
				GCC_WARN_UNDECLARED_SELECTOR = YES;
				GCC_WARN_UNINITIALIZED_AUTOS = YES_AGGRESSIVE;
				GCC_WARN_UNUSED_FUNCTION = YES;
				GCC_WARN_UNUSED_VARIABLE = YES;
				IPHONEOS_DEPLOYMENT_TARGET = 17.0;
				LOCALIZATION_PREFERS_STRING_CATALOGS = YES;
				MTL_ENABLE_DEBUG_INFO = INCLUDE_SOURCE;
				MTL_FAST_MATH = YES;
				ONLY_ACTIVE_ARCH = YES;
				SDKROOT = iphoneos;
				SWIFT_ACTIVE_COMPILATION_CONDITIONS = "DEBUG $(inherited)";
				SWIFT_OPTIMIZATION_LEVEL = "-Onone";
			};
			name = Debug;
		};
		885F807C2BB2AB3B002215D2 /* Release */ = {
			isa = XCBuildConfiguration;
			buildSettings = {
				ALWAYS_SEARCH_USER_PATHS = NO;
				ASSETCATALOG_COMPILER_GENERATE_SWIFT_ASSET_SYMBOL_EXTENSIONS = YES;
				CLANG_ANALYZER_NONNULL = YES;
				CLANG_ANALYZER_NUMBER_OBJECT_CONVERSION = YES_AGGRESSIVE;
				CLANG_CXX_LANGUAGE_STANDARD = "gnu++20";
				CLANG_ENABLE_MODULES = YES;
				CLANG_ENABLE_OBJC_ARC = YES;
				CLANG_ENABLE_OBJC_WEAK = YES;
				CLANG_WARN_BLOCK_CAPTURE_AUTORELEASING = YES;
				CLANG_WARN_BOOL_CONVERSION = YES;
				CLANG_WARN_COMMA = YES;
				CLANG_WARN_CONSTANT_CONVERSION = YES;
				CLANG_WARN_DEPRECATED_OBJC_IMPLEMENTATIONS = YES;
				CLANG_WARN_DIRECT_OBJC_ISA_USAGE = YES_ERROR;
				CLANG_WARN_DOCUMENTATION_COMMENTS = YES;
				CLANG_WARN_EMPTY_BODY = YES;
				CLANG_WARN_ENUM_CONVERSION = YES;
				CLANG_WARN_INFINITE_RECURSION = YES;
				CLANG_WARN_INT_CONVERSION = YES;
				CLANG_WARN_NON_LITERAL_NULL_CONVERSION = YES;
				CLANG_WARN_OBJC_IMPLICIT_RETAIN_SELF = YES;
				CLANG_WARN_OBJC_LITERAL_CONVERSION = YES;
				CLANG_WARN_OBJC_ROOT_CLASS = YES_ERROR;
				CLANG_WARN_QUOTED_INCLUDE_IN_FRAMEWORK_HEADER = YES;
				CLANG_WARN_RANGE_LOOP_ANALYSIS = YES;
				CLANG_WARN_STRICT_PROTOTYPES = YES;
				CLANG_WARN_SUSPICIOUS_MOVE = YES;
				CLANG_WARN_UNGUARDED_AVAILABILITY = YES_AGGRESSIVE;
				CLANG_WARN_UNREACHABLE_CODE = YES;
				CLANG_WARN__DUPLICATE_METHOD_MATCH = YES;
				COPY_PHASE_STRIP = NO;
				DEBUG_INFORMATION_FORMAT = "dwarf-with-dsym";
				ENABLE_NS_ASSERTIONS = NO;
				ENABLE_STRICT_OBJC_MSGSEND = YES;
				ENABLE_USER_SCRIPT_SANDBOXING = YES;
				GCC_C_LANGUAGE_STANDARD = gnu17;
				GCC_NO_COMMON_BLOCKS = YES;
				GCC_WARN_64_TO_32_BIT_CONVERSION = YES;
				GCC_WARN_ABOUT_RETURN_TYPE = YES_ERROR;
				GCC_WARN_UNDECLARED_SELECTOR = YES;
				GCC_WARN_UNINITIALIZED_AUTOS = YES_AGGRESSIVE;
				GCC_WARN_UNUSED_FUNCTION = YES;
				GCC_WARN_UNUSED_VARIABLE = YES;
				IPHONEOS_DEPLOYMENT_TARGET = 17.0;
				LOCALIZATION_PREFERS_STRING_CATALOGS = YES;
				MTL_ENABLE_DEBUG_INFO = NO;
				MTL_FAST_MATH = YES;
				SDKROOT = iphoneos;
				SWIFT_COMPILATION_MODE = wholemodule;
				VALIDATE_PRODUCT = YES;
			};
			name = Release;
		};
		885F807E2BB2AB3B002215D2 /* Debug */ = {
			isa = XCBuildConfiguration;
			buildSettings = {
				ASSETCATALOG_COMPILER_APPICON_NAME = AppIcon;
				ASSETCATALOG_COMPILER_GLOBAL_ACCENT_COLOR_NAME = AccentColor;
				CODE_SIGN_STYLE = Automatic;
				CURRENT_PROJECT_VERSION = 1;
				DEVELOPMENT_TEAM = ZC7A6XV8GR;
				GENERATE_INFOPLIST_FILE = YES;
				INFOPLIST_FILE = "json-to-swiftui-renderer-example/Info.plist";
				INFOPLIST_KEY_UIApplicationSupportsIndirectInputEvents = YES;
				INFOPLIST_KEY_UILaunchStoryboardName = LaunchScreen;
				INFOPLIST_KEY_UISupportedInterfaceOrientations_iPad = "UIInterfaceOrientationPortrait UIInterfaceOrientationPortraitUpsideDown UIInterfaceOrientationLandscapeLeft UIInterfaceOrientationLandscapeRight";
				INFOPLIST_KEY_UISupportedInterfaceOrientations_iPhone = "UIInterfaceOrientationPortrait UIInterfaceOrientationLandscapeLeft UIInterfaceOrientationLandscapeRight";
				IPHONEOS_DEPLOYMENT_TARGET = 13;
				LD_RUNPATH_SEARCH_PATHS = (
					"$(inherited)",
					"@executable_path/Frameworks",
				);
				MARKETING_VERSION = 1.0;
				PRODUCT_BUNDLE_IDENTIFIER = "dev.dominicgo.json-to-swiftui-renderer-example";
				PRODUCT_NAME = "$(TARGET_NAME)";
				SWIFT_EMIT_LOC_STRINGS = YES;
				SWIFT_VERSION = 5.0;
				TARGETED_DEVICE_FAMILY = "1,2";
			};
			name = Debug;
		};
		885F807F2BB2AB3B002215D2 /* Release */ = {
			isa = XCBuildConfiguration;
			buildSettings = {
				ASSETCATALOG_COMPILER_APPICON_NAME = AppIcon;
				ASSETCATALOG_COMPILER_GLOBAL_ACCENT_COLOR_NAME = AccentColor;
				CODE_SIGN_STYLE = Automatic;
				CURRENT_PROJECT_VERSION = 1;
				DEVELOPMENT_TEAM = ZC7A6XV8GR;
				GENERATE_INFOPLIST_FILE = YES;
				INFOPLIST_FILE = "json-to-swiftui-renderer-example/Info.plist";
				INFOPLIST_KEY_UIApplicationSupportsIndirectInputEvents = YES;
				INFOPLIST_KEY_UILaunchStoryboardName = LaunchScreen;
				INFOPLIST_KEY_UISupportedInterfaceOrientations_iPad = "UIInterfaceOrientationPortrait UIInterfaceOrientationPortraitUpsideDown UIInterfaceOrientationLandscapeLeft UIInterfaceOrientationLandscapeRight";
				INFOPLIST_KEY_UISupportedInterfaceOrientations_iPhone = "UIInterfaceOrientationPortrait UIInterfaceOrientationLandscapeLeft UIInterfaceOrientationLandscapeRight";
				IPHONEOS_DEPLOYMENT_TARGET = 13;
				LD_RUNPATH_SEARCH_PATHS = (
					"$(inherited)",
					"@executable_path/Frameworks",
				);
				MARKETING_VERSION = 1.0;
				PRODUCT_BUNDLE_IDENTIFIER = "dev.dominicgo.json-to-swiftui-renderer-example";
				PRODUCT_NAME = "$(TARGET_NAME)";
				SWIFT_EMIT_LOC_STRINGS = YES;
				SWIFT_VERSION = 5.0;
				TARGETED_DEVICE_FAMILY = "1,2";
			};
			name = Release;
		};
/* End XCBuildConfiguration section */

/* Begin XCConfigurationList section */
		885F80642BB2AB39002215D2 /* Build configuration list for PBXProject "json-to-swiftui-renderer-example" */ = {
			isa = XCConfigurationList;
			buildConfigurations = (
				885F807B2BB2AB3B002215D2 /* Debug */,
				885F807C2BB2AB3B002215D2 /* Release */,
			);
			defaultConfigurationIsVisible = 0;
			defaultConfigurationName = Release;
		};
		885F807D2BB2AB3B002215D2 /* Build configuration list for PBXNativeTarget "json-to-swiftui-renderer-example" */ = {
			isa = XCConfigurationList;
			buildConfigurations = (
				885F807E2BB2AB3B002215D2 /* Debug */,
				885F807F2BB2AB3B002215D2 /* Release */,
			);
			defaultConfigurationIsVisible = 0;
			defaultConfigurationName = Release;
		};
/* End XCConfigurationList section */

/* Begin XCSwiftPackageProductDependency section */
		885F80822BB2AB9D002215D2 /* json-to-swiftui-renderer */ = {
			isa = XCSwiftPackageProductDependency;
			productName = "json-to-swiftui-renderer";
		};
/* End XCSwiftPackageProductDependency section */
	};
	rootObject = 885F80612BB2AB39002215D2 /* Project object */;
}
